{
    "_readme": [
        "This file locks the dependencies of your project to a known state",
        "Read more about it at https://getcomposer.org/doc/01-basic-usage.md#composer-lock-the-lock-file",
        "This file is @generated automatically"
    ],
    "content-hash": "248699d884d6e2fa34d3f5f6cfa09b1b",
    "packages": [
        {
            "name": "tonik/gin",
            "version": "v2.0.3",
            "source": {
                "type": "git",
                "url": "https://github.com/tonik/gin.git",
                "reference": "1e726ec5266ea866968ae0f20388abb7b67e87d0"
            },
            "dist": {
                "type": "zip",
                "url": "https://api.github.com/repos/tonik/gin/zipball/1e726ec5266ea866968ae0f20388abb7b67e87d0",
                "reference": "1e726ec5266ea866968ae0f20388abb7b67e87d0",
                "shasum": ""
            },
            "require": {
                "php": ">=7.0"
            },
            "require-dev": {
                "brain/monkey": "^1.3.0",
                "mockery/mockery": "0.9.*",
                "php-mock/php-mock-phpunit": "^1.1",
                "phpunit/phpunit": "^5.3.0",
                "satooshi/php-coveralls": "^1.0.0"
            },
            "suggest": {
                "tonik/cli": "Required for the proper operation of Gin CLI"
            },
            "type": "wordpress-plugin",
            "autoload": {
                "psr-4": {
                    "Tonik\\Gin\\": "src/Gin/"
                }
            },
            "notification-url": "https://packagist.org/downloads/",
            "license": [
                "MIT"
            ],
            "description": "Foundation of the Tonik WordPress Starter Theme. Provides all custom functionalities which it offers.",
            "keywords": [
                "gin",
                "tonik",
                "wordpress"
            ],
            "time": "2018-03-21T10:18:30+00:00"
        }
    ],
    "packages-dev": [
        {
            "name": "league/climate",
            "version": "3.2.4",
            "source": {
                "type": "git",
                "url": "https://github.com/thephpleague/climate.git",
                "reference": "ca70f67f7739cca823eba0ad98f8130bca226bf0"
            },
            "dist": {
                "type": "zip",
                "url": "https://api.github.com/repos/thephpleague/climate/zipball/ca70f67f7739cca823eba0ad98f8130bca226bf0",
                "reference": "ca70f67f7739cca823eba0ad98f8130bca226bf0",
                "shasum": ""
            },
            "require": {
                "php": ">=5.4.0",
                "seld/cli-prompt": "~1.0"
            },
            "require-dev": {
                "mikey179/vfsstream": "~1.4",
                "mockery/mockery": "~0.9",
                "phpunit/phpunit": "~4.6"
            },
            "type": "library",
            "autoload": {
                "psr-4": {
                    "League\\CLImate\\": "src/"
                }
            },
            "notification-url": "https://packagist.org/downloads/",
            "license": [
                "MIT"
            ],
            "authors": [
                {
                    "name": "Joe Tannenbaum",
                    "email": "hey@joe.codes",
                    "homepage": "http://joe.codes/",
                    "role": "Developer"
                }
            ],
            "description": "PHP's best friend for the terminal. CLImate allows you to easily output colored text, special formats, and more.",
            "keywords": [
                "cli",
                "colors",
                "command",
                "php",
                "terminal"
            ],
            "time": "2016-10-30T22:18:25+00:00"
        },
        {
            "name": "seld/cli-prompt",
            "version": "1.0.3",
            "source": {
                "type": "git",
                "url": "https://github.com/Seldaek/cli-prompt.git",
                "reference": "a19a7376a4689d4d94cab66ab4f3c816019ba8dd"
            },
            "dist": {
                "type": "zip",
                "url": "https://api.github.com/repos/Seldaek/cli-prompt/zipball/a19a7376a4689d4d94cab66ab4f3c816019ba8dd",
                "reference": "a19a7376a4689d4d94cab66ab4f3c816019ba8dd",
                "shasum": ""
            },
            "require": {
                "php": ">=5.3"
            },
            "type": "library",
            "extra": {
                "branch-alias": {
                    "dev-master": "1.x-dev"
                }
            },
            "autoload": {
                "psr-4": {
                    "Seld\\CliPrompt\\": "src/"
                }
            },
            "notification-url": "https://packagist.org/downloads/",
            "license": [
                "MIT"
            ],
            "authors": [
                {
                    "name": "Jordi Boggiano",
                    "email": "j.boggiano@seld.be"
                }
            ],
            "description": "Allows you to prompt for user input on the command line, and optionally hide the characters they type",
            "keywords": [
                "cli",
                "console",
                "hidden",
                "input",
                "prompt"
            ],
            "time": "2017-03-18T11:32:45+00:00"
        },
        {
            "name": "symfony/finder",
            "version": "v3.4.6",
            "source": {
                "type": "git",
                "url": "https://github.com/symfony/finder.git",
                "reference": "a479817ce0a9e4adfd7d39c6407c95d97c254625"
            },
            "dist": {
                "type": "zip",
                "url": "https://api.github.com/repos/symfony/finder/zipball/a479817ce0a9e4adfd7d39c6407c95d97c254625",
                "reference": "a479817ce0a9e4adfd7d39c6407c95d97c254625",
                "shasum": ""
            },
            "require": {
                "php": "^5.5.9|>=7.0.8"
            },
            "type": "library",
            "extra": {
                "branch-alias": {
                    "dev-master": "3.4-dev"
                }
            },
            "autoload": {
                "psr-4": {
                    "Symfony\\Component\\Finder\\": ""
                },
                "exclude-from-classmap": [
                    "/Tests/"
                ]
            },
            "notification-url": "https://packagist.org/downloads/",
            "license": [
                "MIT"
            ],
            "authors": [
                {
                    "name": "Fabien Potencier",
                    "email": "fabien@symfony.com"
                },
                {
                    "name": "Symfony Community",
                    "homepage": "https://symfony.com/contributors"
                }
            ],
            "description": "Symfony Finder Component",
            "homepage": "https://symfony.com",
            "time": "2018-03-05T18:28:11+00:00"
        },
        {
            "name": "tonik/cli",
            "version": "v2.0.0",
            "source": {
                "type": "git",
                "url": "https://github.com/tonik/cli.git",
                "reference": "984371fe5dc3edfe2cc67c76524cb77d79edfe2c"
            },
            "dist": {
                "type": "zip",
                "url": "https://api.github.com/repos/tonik/cli/zipball/984371fe5dc3edfe2cc67c76524cb77d79edfe2c",
                "reference": "984371fe5dc3edfe2cc67c76524cb77d79edfe2c",
                "shasum": ""
            },
            "require": {
                "league/climate": "^3.2",
                "php": ">=7.0",
                "symfony/finder": "~2.3|~3.0"
            },
            "require-dev": {
                "mockery/mockery": "~1.0.0",
                "php-mock/php-mock-phpunit": "^1.1",
                "phpunit/phpunit": "~5.3.0",
                "satooshi/php-coveralls": "~1.0.0"
            },
            "bin": [
                "tonik"
            ],
            "type": "library",
            "autoload": {
                "exclude-from-classmap": [
                    "/tests/"
                ],
                "psr-4": {
                    "Tonik\\CLI\\": "src/CLI/"
                }
            },
            "notification-url": "https://packagist.org/downloads/",
            "license": [
                "MIT"
            ],
            "description": "Simple CLI for initiating themes based on Tonik WordPress Starter Theme.",
            "keywords": [
                "cli",
                "gin",
                "tonik",
                "wordpress"
            ],
            "time": "2017-07-03T13:02:21+00:00"
        }
    ],
    "aliases": [],
    "minimum-stability": "stable",
    "stability-flags": [],
    "prefer-stable": false,
    "prefer-lowest": false,
    "platform": {
        "php": ">=7.0"
    },
    "platform-dev": []
}
